# THIS IS AN AUTOGENERATED FILE. DO NOT EDIT THIS FILE DIRECTLY.
# yarn lockfile v1


"bootstrap-tagsinput@https://github.com/bootstrap-tagsinput/bootstrap-tagsinput#0.8.0":
  version "0.8.0"
  resolved "https://github.com/bootstrap-tagsinput/bootstrap-tagsinput#5380ff820805a19807cd93d2da44bf9d26c5324a"
