# THIS IS AN AUTOGENERATED FILE. DO NOT EDIT THIS FILE DIRECTLY.
# yarn lockfile v1


"@swc/helpers@^0.2.13":
  version "0.2.14"
  resolved "https://registry.yarnpkg.com/@swc/helpers/-/helpers-0.2.14.tgz#20288c3627442339dd3d743c944f7043ee3590f0"
  integrity sha512-wpCQMhf5p5GhNg2MmGKXzUNwxe7zRiCsmqYsamez2beP7mKPCSiu+BjZcdN95yYSzO857kr0VfQewmGpS77nqA==

"@tarekraafat/autocomplete.js@^10.2.7":
  version "10.2.7"
  resolved "https://registry.yarnpkg.com/@tarekraafat/autocomplete.js/-/autocomplete.js-10.2.7.tgz#dca809890cec322379a2b430632d46a14f9f2f91"
  integrity sha512-iE+dnXI8/LrTaSORrnNdSyXg/bFCbCpz/R5GUdB3ioW+9PVEhglxNcSDQNeCXtrbRG0kOBFUd4unEiwcmqyn8A==

"@ttskch/select2-bootstrap4-theme@^1.5.2":
  version "1.5.2"
  resolved "https://registry.yarnpkg.com/@ttskch/select2-bootstrap4-theme/-/select2-bootstrap4-theme-1.5.2.tgz#3b4519b349f3e7831c28752a1e9617312a192656"
  integrity sha512-gAj8qNy/VYwQDBkACm0USM66kxFai8flX83ayRXPNhzZckEgSqIBB9sM74SCM3ssgeX+ZVy4BifTnLis+KpIyg==

dropzone@^6.0.0-beta.2:
  version "6.0.0-beta.2"
  resolved "https://registry.yarnpkg.com/dropzone/-/dropzone-6.0.0-beta.2.tgz#098be8fa84bdc08674cf0b74f4c889e2679083d6"
  integrity sha512-k44yLuFFhRk53M8zP71FaaNzJYIzr99SKmpbO/oZKNslDjNXQsBTdfLs+iONd0U0L94zzlFzRnFdqbLcs7h9fQ==
  dependencies:
    "@swc/helpers" "^0.2.13"
    just-extend "^5.0.0"

jquery@>=1.7:
  version "3.6.0"
  resolved "https://registry.yarnpkg.com/jquery/-/jquery-3.6.0.tgz#c72a09f15c1bdce142f49dbf1170bdf8adac2470"
  integrity sha512-JVzAR/AjBvVt2BmYhxRCSYysDsPcssdmTFnzyLEts9qNwmjmu4JTAMYubEfwVOSwpQ1I1sKKFcxhZCI2buerfw==

just-extend@^5.0.0:
  version "5.1.1"
  resolved "https://registry.yarnpkg.com/just-extend/-/just-extend-5.1.1.tgz#4f33b1fc719964f816df55acc905776694b713ab"
  integrity sha512-b+z6yF1d4EOyDgylzQo5IminlUmzSeqR1hs/bzjBNjuGras4FXq/6TrzjxfN0j+TmI0ltJzTNlqXUMCniciwKQ==

select2@^4.1.0-rc.0:
  version "4.1.0-rc.0"
  resolved "https://registry.yarnpkg.com/select2/-/select2-4.1.0-rc.0.tgz#ba3cd3901dda0155e1c0219ab41b74ba51ea22d8"
  integrity sha512-Hr9TdhyHCZUtwznEH2CBf7967mEM0idtJ5nMtjvk3Up5tPukOLXbHUNmh10oRfeNIhj+3GD3niu+g6sVK+gK0A==

typeahead.js@^0.11.1:
  version "0.11.1"
  resolved "https://registry.yarnpkg.com/typeahead.js/-/typeahead.js-0.11.1.tgz#4e64e671b22310a8606f4aec805924ba84b015b8"
  integrity sha1-TmTmcbIjEKhgb0rsgFkkuoSwFbg=
  dependencies:
    jquery ">=1.7"

urlify@^0.3.6:
  version "0.3.6"
  resolved "https://registry.yarnpkg.com/urlify/-/urlify-0.3.6.tgz#83bb52af5ec04f6006b5f5f20b51e0dbec85fcff"
  integrity sha1-g7tSr17AT2AGtfXyC1Hg2+yF/P8=
